// !$*UTF8*$!
{
	archiveVersion = 1;
	classes = {
	};
	objectVersion = 55;
	objects = {

/* Begin PBXBuildFile section */
		10B1876B2713C2F3005DF94A /* AppDelegate.swift in Sources */ = {isa = PBXBuildFile; fileRef = 10B1876A2713C2F3005DF94A /* AppDelegate.swift */; };
		10B1876D2713C2F3005DF94A /* SceneDelegate.swift in Sources */ = {isa = PBXBuildFile; fileRef = 10B1876C2713C2F3005DF94A /* SceneDelegate.swift */; };
		10B1876F2713C2F3005DF94A /* ViewController.swift in Sources */ = {isa = PBXBuildFile; fileRef = 10B1876E2713C2F3005DF94A /* ViewController.swift */; };
		10B187722713C2F3005DF94A /* Main.storyboard in Resources */ = {isa = PBXBuildFile; fileRef = 10B187702713C2F3005DF94A /* Main.storyboard */; };
		10B187742713C2F8005DF94A /* Assets.xcassets in Resources */ = {isa = PBXBuildFile; fileRef = 10B187732713C2F8005DF94A /* Assets.xcassets */; };
		10B187772713C2F8005DF94A /* LaunchScreen.storyboard in Resources */ = {isa = PBXBuildFile; fileRef = 10B187752713C2F8005DF94A /* LaunchScreen.storyboard */; };
		10B1877F2713C336005DF94A /* LoginViewController.swift in Sources */ = {isa = PBXBuildFile; fileRef = 10B1877E2713C336005DF94A /* LoginViewController.swift */; };
		10B187812713C343005DF94A /* FeedViewController.swift in Sources */ = {isa = PBXBuildFile; fileRef = 10B187802713C343005DF94A /* FeedViewController.swift */; };
		10B187832713C355005DF94A /* SignUpViewController.swift in Sources */ = {isa = PBXBuildFile; fileRef = 10B187822713C355005DF94A /* SignUpViewController.swift */; };
		B493710075A8341974827E8A /* Pods_AuthApp2.framework in Frameworks */ = {isa = PBXBuildFile; fileRef = 6BB6B703DE48B4F256209DAF /* Pods_AuthApp2.framework */; };
/* End PBXBuildFile section */

/* Begin PBXFileReference section */
		10B187672713C2F3005DF94A /* AuthApp2.app */ = {isa = PBXFileReference; explicitFileType = wrapper.application; includeInIndex = 0; path = AuthApp2.app; sourceTree = BUILT_PRODUCTS_DIR; };
		10B1876A2713C2F3005DF94A /* AppDelegate.swift */ = {isa = PBXFileReference; lastKnownFileType = sourcecode.swift; path = AppDelegate.swift; sourceTree = "<group>"; };
		10B1876C2713C2F3005DF94A /* SceneDelegate.swift */ = {isa = PBXFileReference; lastKnownFileType = sourcecode.swift; path = SceneDelegate.swift; sourceTree = "<group>"; };
		10B1876E2713C2F3005DF94A /* ViewController.swift */ = {isa = PBXFileReference; lastKnownFileType = sourcecode.swift; path = ViewController.swift; sourceTree = "<group>"; };
		10B187712713C2F3005DF94A /* Base */ = {isa = PBXFileReference; lastKnownFileType = file.storyboard; name = Base; path = Base.lproj/Main.storyboard; sourceTree = "<group>"; };
		10B187732713C2F8005DF94A /* Assets.xcassets */ = {isa = PBXFileReference; lastKnownFileType = folder.assetcatalog; path = Assets.xcassets; sourceTree = "<group>"; };
		10B187762713C2F8005DF94A /* Base */ = {isa = PBXFileReference; lastKnownFileType = file.storyboard; name = Base; path = Base.lproj/LaunchScreen.storyboard; sourceTree = "<group>"; };
		10B187782713C2F8005DF94A /* Info.plist */ = {isa = PBXFileReference; lastKnownFileType = text.plist.xml; path = Info.plist; sourceTree = "<group>"; };
		10B1877E2713C336005DF94A /* LoginViewController.swift */ = {isa = PBXFileReference; lastKnownFileType = sourcecode.swift; path = LoginViewController.swift; sourceTree = "<group>"; };
		10B187802713C343005DF94A /* FeedViewController.swift */ = {isa = PBXFileReference; lastKnownFileType = sourcecode.swift; path = FeedViewController.swift; sourceTree = "<group>"; };
		10B187822713C355005DF94A /* SignUpViewController.swift */ = {isa = PBXFileReference; lastKnownFileType = sourcecode.swift; path = SignUpViewController.swift; sourceTree = "<group>"; };
		147E3B533C79CF776FDE7827 /* Pods-AuthApp2.release.xcconfig */ = {isa = PBXFileReference; includeInIndex = 1; lastKnownFileType = text.xcconfig; name = "Pods-AuthApp2.release.xcconfig"; path = "Target Support Files/Pods-AuthApp2/Pods-AuthApp2.release.xcconfig"; sourceTree = "<group>"; };
		3504C53BB2B8D12D7C69D011 /* Pods-AuthApp2.debug.xcconfig */ = {isa = PBXFileReference; includeInIndex = 1; lastKnownFileType = text.xcconfig; name = "Pods-AuthApp2.debug.xcconfig"; path = "Target Support Files/Pods-AuthApp2/Pods-AuthApp2.debug.xcconfig"; sourceTree = "<group>"; };
		6BB6B703DE48B4F256209DAF /* Pods_AuthApp2.framework */ = {isa = PBXFileReference; explicitFileType = wrapper.framework; includeInIndex = 0; path = Pods_AuthApp2.framework; sourceTree = BUILT_PRODUCTS_DIR; };
/* End PBXFileReference section */

/* Begin PBXFrameworksBuildPhase section */
		10B187642713C2F3005DF94A /* Frameworks */ = {
			isa = PBXFrameworksBuildPhase;
			buildActionMask = 2147483647;
			files = (
				B493710075A8341974827E8A /* Pods_AuthApp2.framework in Frameworks */,
			);
			runOnlyForDeploymentPostprocessing = 0;
		};
/* End PBXFrameworksBuildPhase section */

/* Begin PBXGroup section */
		10B1875E2713C2F2005DF94A = {
			isa = PBXGroup;
			children = (
				10B187692713C2F3005DF94A /* AuthApp2 */,
				10B187682713C2F3005DF94A /* Products */,
				D4BB8DF3EA9D8B0820AC5EAC /* Pods */,
				EC6B739F12A7BF9D38533087 /* Frameworks */,
			);
			sourceTree = "<group>";
		};
		10B187682713C2F3005DF94A /* Products */ = {
			isa = PBXGroup;
			children = (
				10B187672713C2F3005DF94A /* AuthApp2.app */,
			);
			name = Products;
			sourceTree = "<group>";
		};
		10B187692713C2F3005DF94A /* AuthApp2 */ = {
			isa = PBXGroup;
			children = (
				10B1876A2713C2F3005DF94A /* AppDelegate.swift */,
				10B1876C2713C2F3005DF94A /* SceneDelegate.swift */,
				10B1876E2713C2F3005DF94A /* ViewController.swift */,
				10B187702713C2F3005DF94A /* Main.storyboard */,
				10B187732713C2F8005DF94A /* Assets.xcassets */,
				10B187752713C2F8005DF94A /* LaunchScreen.storyboard */,
				10B187782713C2F8005DF94A /* Info.plist */,
				10B1877E2713C336005DF94A /* LoginViewController.swift */,
				10B187802713C343005DF94A /* FeedViewController.swift */,
				10B187822713C355005DF94A /* SignUpViewController.swift */,
			);
			path = AuthApp2;
			sourceTree = "<group>";
		};
		D4BB8DF3EA9D8B0820AC5EAC /* Pods */ = {
			isa = PBXGroup;
			children = (
				3504C53BB2B8D12D7C69D011 /* Pods-AuthApp2.debug.xcconfig */,
				147E3B533C79CF776FDE7827 /* Pods-AuthApp2.release.xcconfig */,
			);
			name = Pods;
			path = Pods;
			sourceTree = "<group>";
		};
		EC6B739F12A7BF9D38533087 /* Frameworks */ = {
			isa = PBXGroup;
			children = (
				6BB6B703DE48B4F256209DAF /* Pods_AuthApp2.framework */,
			);
			name = Frameworks;
			sourceTree = "<group>";
		};
/* End PBXGroup section */

/* Begin PBXNativeTarget section */
		10B187662713C2F3005DF94A /* AuthApp2 */ = {
			isa = PBXNativeTarget;
			buildConfigurationList = 10B1877B2713C2F8005DF94A /* Build configuration list for PBXNativeTarget "AuthApp2" */;
			buildPhases = (
				6B22232158988334FEC3E6B9 /* [CP] Check Pods Manifest.lock */,
				10B187632713C2F3005DF94A /* Sources */,
				10B187642713C2F3005DF94A /* Frameworks */,
				10B187652713C2F3005DF94A /* Resources */,
				7B14CE169FD32972DEC79A42 /* [CP] Embed Pods Frameworks */,
			);
			buildRules = (
			);
			dependencies = (
			);
			name = AuthApp2;
			productName = AuthApp2;
			productReference = 10B187672713C2F3005DF94A /* AuthApp2.app */;
			productType = "com.apple.product-type.application";
		};
/* End PBXNativeTarget section */

/* Begin PBXProject section */
		10B1875F2713C2F3005DF94A /* Project object */ = {
			isa = PBXProject;
			attributes = {
				BuildIndependentTargetsInParallel = 1;
				LastSwiftUpdateCheck = 1300;
				LastUpgradeCheck = 1300;
				TargetAttributes = {
					10B187662713C2F3005DF94A = {
						CreatedOnToolsVersion = 13.0;
					};
				};
			};
			buildConfigurationList = 10B187622713C2F3005DF94A /* Build configuration list for PBXProject "AuthApp2" */;
			compatibilityVersion = "Xcode 13.0";
			developmentRegion = en;
			hasScannedForEncodings = 0;
			knownRegions = (
				en,
				Base,
			);
			mainGroup = 10B1875E2713C2F2005DF94A;
			productRefGroup = 10B187682713C2F3005DF94A /* Products */;
			projectDirPath = "";
			projectRoot = "";
			targets = (
				10B187662713C2F3005DF94A /* AuthApp2 */,
			);
		};
/* End PBXProject section */

/* Begin PBXResourcesBuildPhase section */
		10B187652713C2F3005DF94A /* Resources */ = {
			isa = PBXResourcesBuildPhase;
			buildActionMask = 2147483647;
			files = (
				10B187772713C2F8005DF94A /* LaunchScreen.storyboard in Resources */,
				10B187742713C2F8005DF94A /* Assets.xcassets in Resources */,
				10B187722713C2F3005DF94A /* Main.storyboard in Resources */,
			);
			runOnlyForDeploymentPostprocessing = 0;
		};
/* End PBXResourcesBuildPhase section */

/* Begin PBXShellScriptBuildPhase section */
		6B22232158988334FEC3E6B9 /* [CP] Check Pods Manifest.lock */ = {
			isa = PBXShellScriptBuildPhase;
			buildActionMask = 2147483647;
			files = (
			);
			inputFileListPaths = (
			);
			inputPaths = (
				"${PODS_PODFILE_DIR_PATH}/Podfile.lock",
				"${PODS_ROOT}/Manifest.lock",
			);
			name = "[CP] Check Pods Manifest.lock";
			outputFileListPaths = (
			);
			outputPaths = (
				"$(DERIVED_FILE_DIR)/Pods-AuthApp2-checkManifestLockResult.txt",
			);
			runOnlyForDeploymentPostprocessing = 0;
			shellPath = /bin/sh;
			shellScript = "diff \"${PODS_PODFILE_DIR_PATH}/Podfile.lock\" \"${PODS_ROOT}/Manifest.lock\" > /dev/null\nif [ $? != 0 ] ; then\n    # print error to STDERR\n    echo \"error: The sandbox is not in sync with the Podfile.lock. Run 'pod install' or update your CocoaPods installation.\" >&2\n    exit 1\nfi\n# This output is used by Xcode 'outputs' to avoid re-running this script phase.\necho \"SUCCESS\" > \"${SCRIPT_OUTPUT_FILE_0}\"\n";
			showEnvVarsInLog = 0;
		};
		7B14CE169FD32972DEC79A42 /* [CP] Embed Pods Frameworks */ = {
			isa = PBXShellScriptBuildPhase;
			buildActionMask = 2147483647;
			files = (
			);
			inputFileListPaths = (
				"${PODS_ROOT}/Target Support Files/Pods-AuthApp2/Pods-AuthApp2-frameworks-${CONFIGURATION}-input-files.xcfilelist",
			);
			name = "[CP] Embed Pods Frameworks";
			outputFileListPaths = (
				"${PODS_ROOT}/Target Support Files/Pods-AuthApp2/Pods-AuthApp2-frameworks-${CONFIGURATION}-output-files.xcfilelist",
			);
			runOnlyForDeploymentPostprocessing = 0;
			shellPath = /bin/sh;
			shellScript = "\"${PODS_ROOT}/Target Support Files/Pods-AuthApp2/Pods-AuthApp2-frameworks.sh\"\n";
			showEnvVarsInLog = 0;
		};
/* End PBXShellScriptBuildPhase section */

/* Begin PBXSourcesBuildPhase section */
		10B187632713C2F3005DF94A /* Sources */ = {
			isa = PBXSourcesBuildPhase;
			buildActionMask = 2147483647;
			files = (
				10B187832713C355005DF94A /* SignUpViewController.swift in Sources */,
				10B1877F2713C336005DF94A /* LoginViewController.swift in Sources */,
				10B1876F2713C2F3005DF94A /* ViewController.swift in Sources */,
				10B187812713C343005DF94A /* FeedViewController.swift in Sources */,
				10B1876B2713C2F3005DF94A /* AppDelegate.swift in Sources */,
				10B1876D2713C2F3005DF94A /* SceneDelegate.swift in Sources */,
			);
			runOnlyForDeploymentPostprocessing = 0;
		};
/* End PBXSourcesBuildPhase section */

/* Begin PBXVariantGroup section */
		10B187702713C2F3005DF94A /* Main.storyboard */ = {
			isa = PBXVariantGroup;
			children = (
				10B187712713C2F3005DF94A /* Base */,
			);
			name = Main.storyboard;
			sourceTree = "<group>";
		};
		10B187752713C2F8005DF94A /* LaunchScreen.storyboard */ = {
			isa = PBXVariantGroup;
			children = (
				10B187762713C2F8005DF94A /* Base */,
			);
			name = LaunchScreen.storyboard;
			sourceTree = "<group>";
		};
/* End PBXVariantGroup section */

/* Begin XCBuildConfiguration section */
		10B187792713C2F8005DF94A /* Debug */ = {
			isa = XCBuildConfiguration;
			buildSettings = {
				ALWAYS_SEARCH_USER_PATHS = NO;
				CLANG_ANALYZER_NONNULL = YES;
				CLANG_ANALYZER_NUMBER_OBJECT_CONVERSION = YES_AGGRESSIVE;
				CLANG_CXX_LANGUAGE_STANDARD = "gnu++17";
				CLANG_CXX_LIBRARY = "libc++";
				CLANG_ENABLE_MODULES = YES;
				CLANG_ENABLE_OBJC_ARC = YES;
				CLANG_ENABLE_OBJC_WEAK = YES;
				CLANG_WARN_BLOCK_CAPTURE_AUTORELEASING = YES;
				CLANG_WARN_BOOL_CONVERSION = YES;
				CLANG_WARN_COMMA = YES;
				CLANG_WARN_CONSTANT_CONVERSION = YES;
				CLANG_WARN_DEPRECATED_OBJC_IMPLEMENTATIONS = YES;
				CLANG_WARN_DIRECT_OBJC_ISA_USAGE = YES_ERROR;
				CLANG_WARN_DOCUMENTATION_COMMENTS = YES;
				CLANG_WARN_EMPTY_BODY = YES;
				CLANG_WARN_ENUM_CONVERSION = YES;
				CLANG_WARN_INFINITE_RECURSION = YES;
				CLANG_WARN_INT_CONVERSION = YES;
				CLANG_WARN_NON_LITERAL_NULL_CONVERSION = YES;
				CLANG_WARN_OBJC_IMPLICIT_RETAIN_SELF = YES;
				CLANG_WARN_OBJC_LITERAL_CONVERSION = YES;
				CLANG_WARN_OBJC_ROOT_CLASS = YES_ERROR;
				CLANG_WARN_QUOTED_INCLUDE_IN_FRAMEWORK_HEADER = YES;
				CLANG_WARN_RANGE_LOOP_ANALYSIS = YES;
				CLANG_WARN_STRICT_PROTOTYPES = YES;
				CLANG_WARN_SUSPICIOUS_MOVE = YES;
				CLANG_WARN_UNGUARDED_AVAILABILITY = YES_AGGRESSIVE;
				CLANG_WARN_UNREACHABLE_CODE = YES;
				CLANG_WARN__DUPLICATE_METHOD_MATCH = YES;
				COPY_PHASE_STRIP = NO;
				DEBUG_INFORMATION_FORMAT = dwarf;
				ENABLE_STRICT_OBJC_MSGSEND = YES;
				ENABLE_TESTABILITY = YES;
				GCC_C_LANGUAGE_STANDARD = gnu11;
				GCC_DYNAMIC_NO_PIC = NO;
				GCC_NO_COMMON_BLOCKS = YES;
				GCC_OPTIMIZATION_LEVEL = 0;
				GCC_PREPROCESSOR_DEFINITIONS = (
					"DEBUG=1",
					"$(inherited)",
				);
				GCC_WARN_64_TO_32_BIT_CONVERSION = YES;
				GCC_WARN_ABOUT_RETURN_TYPE = YES_ERROR;
				GCC_WARN_UNDECLARED_SELECTOR = YES;
				GCC_WARN_UNINITIALIZED_AUTOS = YES_AGGRESSIVE;
				GCC_WARN_UNUSED_FUNCTION = YES;
				GCC_WARN_UNUSED_VARIABLE = YES;
				IPHONEOS_DEPLOYMENT_TARGET = 15.0;
				MTL_ENABLE_DEBUG_INFO = INCLUDE_SOURCE;
				MTL_FAST_MATH = YES;
				ONLY_ACTIVE_ARCH = YES;
				SDKROOT = iphoneos;
				SWIFT_ACTIVE_COMPILATION_CONDITIONS = DEBUG;
				SWIFT_OPTIMIZATION_LEVEL = "-Onone";
			};
			name = Debug;
		};
		10B1877A2713C2F8005DF94A /* Release */ = {
			isa = XCBuildConfiguration;
			buildSettings = {
				ALWAYS_SEARCH_USER_PATHS = NO;
				CLANG_ANALYZER_NONNULL = YES;
				CLANG_ANALYZER_NUMBER_OBJECT_CONVERSION = YES_AGGRESSIVE;
				CLANG_CXX_LANGUAGE_STANDARD = "gnu++17";
				CLANG_CXX_LIBRARY = "libc++";
				CLANG_ENABLE_MODULES = YES;
				CLANG_ENABLE_OBJC_ARC = YES;
				CLANG_ENABLE_OBJC_WEAK = YES;
				CLANG_WARN_BLOCK_CAPTURE_AUTORELEASING = YES;
				CLANG_WARN_BOOL_CONVERSION = YES;
				CLANG_WARN_COMMA = YES;
				CLANG_WARN_CONSTANT_CONVERSION = YES;
				CLANG_WARN_DEPRECATED_OBJC_IMPLEMENTATIONS = YES;
				CLANG_WARN_DIRECT_OBJC_ISA_USAGE = YES_ERROR;
				CLANG_WARN_DOCUMENTATION_COMMENTS = YES;
				CLANG_WARN_EMPTY_BODY = YES;
				CLANG_WARN_ENUM_CONVERSION = YES;
				CLANG_WARN_INFINITE_RECURSION = YES;
				CLANG_WARN_INT_CONVERSION = YES;
				CLANG_WARN_NON_LITERAL_NULL_CONVERSION = YES;
				CLANG_WARN_OBJC_IMPLICIT_RETAIN_SELF = YES;
				CLANG_WARN_OBJC_LITERAL_CONVERSION = YES;
				CLANG_WARN_OBJC_ROOT_CLASS = YES_ERROR;
				CLANG_WARN_QUOTED_INCLUDE_IN_FRAMEWORK_HEADER = YES;
				CLANG_WARN_RANGE_LOOP_ANALYSIS = YES;
				CLANG_WARN_STRICT_PROTOTYPES = YES;
				CLANG_WARN_SUSPICIOUS_MOVE = YES;
				CLANG_WARN_UNGUARDED_AVAILABILITY = YES_AGGRESSIVE;
				CLANG_WARN_UNREACHABLE_CODE = YES;
				CLANG_WARN__DUPLICATE_METHOD_MATCH = YES;
				COPY_PHASE_STRIP = NO;
				DEBUG_INFORMATION_FORMAT = "dwarf-with-dsym";
				ENABLE_NS_ASSERTIONS = NO;
				ENABLE_STRICT_OBJC_MSGSEND = YES;
				GCC_C_LANGUAGE_STANDARD = gnu11;
				GCC_NO_COMMON_BLOCKS = YES;
				GCC_WARN_64_TO_32_BIT_CONVERSION = YES;
				GCC_WARN_ABOUT_RETURN_TYPE = YES_ERROR;
				GCC_WARN_UNDECLARED_SELECTOR = YES;
				GCC_WARN_UNINITIALIZED_AUTOS = YES_AGGRESSIVE;
				GCC_WARN_UNUSED_FUNCTION = YES;
				GCC_WARN_UNUSED_VARIABLE = YES;
				IPHONEOS_DEPLOYMENT_TARGET = 15.0;
				MTL_ENABLE_DEBUG_INFO = NO;
				MTL_FAST_MATH = YES;
				SDKROOT = iphoneos;
				SWIFT_COMPILATION_MODE = wholemodule;
				SWIFT_OPTIMIZATION_LEVEL = "-O";
				VALIDATE_PRODUCT = YES;
			};
			name = Release;
		};
		10B1877C2713C2F8005DF94A /* Debug */ = {
			isa = XCBuildConfiguration;
			baseConfigurationReference = 3504C53BB2B8D12D7C69D011 /* Pods-AuthApp2.debug.xcconfig */;
			buildSettings = {
				ASSETCATALOG_COMPILER_APPICON_NAME = AppIcon;
				ASSETCATALOG_COMPILER_GLOBAL_ACCENT_COLOR_NAME = AccentColor;
				CODE_SIGN_STYLE = Automatic;
				CURRENT_PROJECT_VERSION = 1;
				DEVELOPMENT_TEAM = N2M2K2MSUF;
				GENERATE_INFOPLIST_FILE = YES;
				INFOPLIST_FILE = AuthApp2/Info.plist;
				INFOPLIST_KEY_UIApplicationSupportsIndirectInputEvents = YES;
				INFOPLIST_KEY_UILaunchStoryboardName = LaunchScreen;
				INFOPLIST_KEY_UIMainStoryboardFile = Main;
				INFOPLIST_KEY_UISupportedInterfaceOrientations_iPad = "UIInterfaceOrientationPortrait UIInterfaceOrientationPortraitUpsideDown UIInterfaceOrientationLandscapeLeft UIInterfaceOrientationLandscapeRight";
				INFOPLIST_KEY_UISupportedInterfaceOrientations_iPhone = "UIInterfaceOrientationPortrait UIInterfaceOrientationLandscapeLeft UIInterfaceOrientationLandscapeRight";
				LD_RUNPATH_SEARCH_PATHS = (
					"$(inherited)",
					"@executable_path/Frameworks",
				);
				MARKETING_VERSION = 1.0;
				PRODUCT_BUNDLE_IDENTIFIER = com.fernando.AuthApp2;
				PRODUCT_NAME = "$(TARGET_NAME)";
				SWIFT_EMIT_LOC_STRINGS = YES;
				SWIFT_VERSION = 5.0;
				TARGETED_DEVICE_FAMILY = "1,2";
			};
			name = Debug;
		};
		10B1877D2713C2F8005DF94A /* Release */ = {
			isa = XCBuildConfiguration;
			baseConfigurationReference = 147E3B533C79CF776FDE7827 /* Pods-AuthApp2.release.xcconfig */;
			buildSettings = {
				ASSETCATALOG_COMPILER_APPICON_NAME = AppIcon;
				ASSETCATALOG_COMPILER_GLOBAL_ACCENT_COLOR_NAME = AccentColor;
				CODE_SIGN_STYLE = Automatic;
				CURRENT_PROJECT_VERSION = 1;
				DEVELOPMENT_TEAM = N2M2K2MSUF;
				GENERATE_INFOPLIST_FILE = YES;
				INFOPLIST_FILE = AuthApp2/Info.plist;
				INFOPLIST_KEY_UIApplicationSupportsIndirectInputEvents = YES;
				INFOPLIST_KEY_UILaunchStoryboardName = LaunchScreen;
				INFOPLIST_KEY_UIMainStoryboardFile = Main;
				INFOPLIST_KEY_UISupportedInterfaceOrientations_iPad = "UIInterfaceOrientationPortrait UIInterfaceOrientationPortraitUpsideDown UIInterfaceOrientationLandscapeLeft UIInterfaceOrientationLandscapeRight";
				INFOPLIST_KEY_UISupportedInterfaceOrientations_iPhone = "UIInterfaceOrientationPortrait UIInterfaceOrientationLandscapeLeft UIInterfaceOrientationLandscapeRight";
				LD_RUNPATH_SEARCH_PATHS = (
					"$(inherited)",
					"@executable_path/Frameworks",
				);
				MARKETING_VERSION = 1.0;
				PRODUCT_BUNDLE_IDENTIFIER = com.fernando.AuthApp2;
				PRODUCT_NAME = "$(TARGET_NAME)";
				SWIFT_EMIT_LOC_STRINGS = YES;
				SWIFT_VERSION = 5.0;
				TARGETED_DEVICE_FAMILY = "1,2";
			};
			name = Release;
		};
/* End XCBuildConfiguration section */

/* Begin XCConfigurationList section */
		10B187622713C2F3005DF94A /* Build configuration list for PBXProject "AuthApp2" */ = {
			isa = XCConfigurationList;
			buildConfigurations = (
				10B187792713C2F8005DF94A /* Debug */,
				10B1877A2713C2F8005DF94A /* Release */,
			);
			defaultConfigurationIsVisible = 0;
			defaultConfigurationName = Release;
		};
		10B1877B2713C2F8005DF94A /* Build configuration list for PBXNativeTarget "AuthApp2" */ = {
			isa = XCConfigurationList;
			buildConfigurations = (
				10B1877C2713C2F8005DF94A /* Debug */,
				10B1877D2713C2F8005DF94A /* Release */,
			);
			defaultConfigurationIsVisible = 0;
			defaultConfigurationName = Release;
		};
/* End XCConfigurationList section */
	};
	rootObject = 10B1875F2713C2F3005DF94A /* Project object */;
}
